
Microsoft Visual Studio Solution File, Format Version 12.00
# Visual Studio Version 17
VisualStudioVersion = 17.1.32210.238
MinimumVisualStudioVersion = 10.0.40219.1
Project("{8BC9CEB8-8B4A-11D0-8D11-00A0C91BC942}") = "codePrac", "codePrac\codePrac.vcxproj", "{3AEC1176-01F9-4BF6-8E47-2FFCE2CB6B9C}"
EndProject
Project("{8BC9CEB8-8B4A-11D0-8D11-00A0C91BC942}") = "codePrac2", "codePrac2\codePrac2.vcxproj", "{E2728F4D-88F8-4CAA-861B-CAEEF5A7BDF4}"
EndProject
Project("{8BC9CEB8-8B4A-11D0-8D11-00A0C91BC942}") = "P2327", "P2327\P2327.vcxproj", "{4016A0EF-D751-4F89-8438-EF0EFBE67305}"
EndProject
Global
	GlobalSection(SolutionConfigurationPlatforms) = preSolution
		Debug|x64 = Debug|x64
		Debug|x86 = Debug|x86
		Release|x64 = Release|x64
		Release|x86 = Release|x86
	EndGlobalSection
	GlobalSection(ProjectConfigurationPlatforms) = postSolution
		{3AEC1176-01F9-4BF6-8E47-2FFCE2CB6B9C}.Debug|x64.ActiveCfg = Debug|x64
		{3AEC1176-01F9-4BF6-8E47-2FFCE2CB6B9C}.Debug|x64.Build.0 = Debug|x64
		{3AEC1176-01F9-4BF6-8E47-2FFCE2CB6B9C}.Debug|x86.ActiveCfg = Debug|Win32
		{3AEC1176-01F9-4BF6-8E47-2FFCE2CB6B9C}.Debug|x86.Build.0 = Debug|Win32
		{3AEC1176-01F9-4BF6-8E47-2FFCE2CB6B9C}.Release|x64.ActiveCfg = Release|x64
		{3AEC1176-01F9-4BF6-8E47-2FFCE2CB6B9C}.Release|x64.Build.0 = Release|x64
		{3AEC1176-01F9-4BF6-8E47-2FFCE2CB6B9C}.Release|x86.ActiveCfg = Release|Win32
		{3AEC1176-01F9-4BF6-8E47-2FFCE2CB6B9C}.Release|x86.Build.0 = Release|Win32
		{E2728F4D-88F8-4CAA-861B-CAEEF5A7BDF4}.Debug|x64.ActiveCfg = Debug|x64
		{E2728F4D-88F8-4CAA-861B-CAEEF5A7BDF4}.Debug|x64.Build.0 = Debug|x64
		{E2728F4D-88F8-4CAA-861B-CAEEF5A7BDF4}.Debug|x86.ActiveCfg = Debug|Win32
		{E2728F4D-88F8-4CAA-861B-CAEEF5A7BDF4}.Debug|x86.Build.0 = Debug|Win32
		{E2728F4D-88F8-4CAA-861B-CAEEF5A7BDF4}.Release|x64.ActiveCfg = Release|x64
		{E2728F4D-88F8-4CAA-861B-CAEEF5A7BDF4}.Release|x64.Build.0 = Release|x64
		{E2728F4D-88F8-4CAA-861B-CAEEF5A7BDF4}.Release|x86.ActiveCfg = Release|Win32
		{E2728F4D-88F8-4CAA-861B-CAEEF5A7BDF4}.Release|x86.Build.0 = Release|Win32
		{4016A0EF-D751-4F89-8438-EF0EFBE67305}.Debug|x64.ActiveCfg = Debug|x64
		{4016A0EF-D751-4F89-8438-EF0EFBE67305}.Debug|x64.Build.0 = Debug|x64
		{4016A0EF-D751-4F89-8438-EF0EFBE67305}.Debug|x86.ActiveCfg = Debug|Win32
		{4016A0EF-D751-4F89-8438-EF0EFBE67305}.Debug|x86.Build.0 = Debug|Win32
		{4016A0EF-D751-4F89-8438-EF0EFBE67305}.Release|x64.ActiveCfg = Release|x64
		{4016A0EF-D751-4F89-8438-EF0EFBE67305}.Release|x64.Build.0 = Release|x64
		{4016A0EF-D751-4F89-8438-EF0EFBE67305}.Release|x86.ActiveCfg = Release|Win32
		{4016A0EF-D751-4F89-8438-EF0EFBE67305}.Release|x86.Build.0 = Release|Win32
	EndGlobalSection
	GlobalSection(SolutionProperties) = preSolution
		HideSolutionNode = FALSE
	EndGlobalSection
	GlobalSection(ExtensibilityGlobals) = postSolution
		SolutionGuid = {9ECA443F-58CD-4303-AF55-CAAAB3B4E3BF}
	EndGlobalSection
EndGlobal
